
Microsoft Visual Studio Solution File, Format Version 12.00
# Visual Studio Version 17
VisualStudioVersion = 17.2.32616.157
MinimumVisualStudioVersion = 10.0.40219.1
Project("{FAE04EC0-301F-11D3-BF4B-00C04F79EFBC}") = "KBRmind", "KBRmind\KBRmind.csproj", "{4940619D-DFC7-4290-862A-2BC7DE832DF5}"
EndProject
Global
	GlobalSection(SolutionConfigurationPlatforms) = preSolution
		Debug|Any CPU = Debug|Any CPU
		Release|Any CPU = Release|Any CPU
	EndGlobalSection
	GlobalSection(ProjectConfigurationPlatforms) = postSolution
		{4940619D-DFC7-4290-862A-2BC7DE832DF5}.Debug|Any CPU.ActiveCfg = Debug|Any CPU
		{4940619D-DFC7-4290-862A-2BC7DE832DF5}.Debug|Any CPU.Build.0 = Debug|Any CPU
		{4940619D-DFC7-4290-862A-2BC7DE832DF5}.Release|Any CPU.ActiveCfg = Release|Any CPU
		{4940619D-DFC7-4290-862A-2BC7DE832DF5}.Release|Any CPU.Build.0 = Release|Any CPU
	EndGlobalSection
	GlobalSection(SolutionProperties) = preSolution
		HideSolutionNode = FALSE
	EndGlobalSection
	GlobalSection(ExtensibilityGlobals) = postSolution
		SolutionGuid = {1AF2141A-D4A8-42BA-8CE4-6C4D6B8BA8FF}
	EndGlobalSection
EndGlobal
